# This file is automatically @generated by Cargo.
# It is not intended for manual editing.
version = 4

[[package]]
name = "pyralis-bin"
version = "0.1.0"

[[package]]
name = "pyralis-core"
version = "0.1.0"

[[package]]
name = "pyralis-executor"
version = "0.1.0"

[[package]]
name = "pyralis-ingestion"
version = "0.1.0"

[[package]]
name = "pyralis-observability"
version = "0.1.0"

[[package]]
name = "pyralis-simulation"
version = "0.1.0"

[[package]]
name = "pyralis-strategy"
version = "0.1.0"
